
Microsoft Visual Studio Solution File, Format Version 12.00
# Visual Studio 15
VisualStudioVersion = 15.0.26730.16
MinimumVisualStudioVersion = 10.0.40219.1
Project("{FAE04EC0-301F-11D3-BF4B-00C04F79EFBC}") = "FootballWebServer", "FootballWebServer\FootballWebServer.csproj", "{A58CC88B-41E7-4B4C-BFE6-9BE4326D8EA7}"
EndProject
Global
	GlobalSection(SolutionConfigurationPlatforms) = preSolution
		Debug|Any CPU = Debug|Any CPU
		Release|Any CPU = Release|Any CPU
	EndGlobalSection
	GlobalSection(ProjectConfigurationPlatforms) = postSolution
		{A58CC88B-41E7-4B4C-BFE6-9BE4326D8EA7}.Debug|Any CPU.ActiveCfg = Debug|Any CPU
		{A58CC88B-41E7-4B4C-BFE6-9BE4326D8EA7}.Debug|Any CPU.Build.0 = Debug|Any CPU
		{A58CC88B-41E7-4B4C-BFE6-9BE4326D8EA7}.Release|Any CPU.ActiveCfg = Release|Any CPU
		{A58CC88B-41E7-4B4C-BFE6-9BE4326D8EA7}.Release|Any CPU.Build.0 = Release|Any CPU
	EndGlobalSection
	GlobalSection(SolutionProperties) = preSolution
		HideSolutionNode = FALSE
	EndGlobalSection
	GlobalSection(ExtensibilityGlobals) = postSolution
		SolutionGuid = {BDEFAA04-EFD0-434E-9EE9-9A8D42B1ACA9}
	EndGlobalSection
EndGlobal
